
Microsoft Visual Studio Solution File, Format Version 12.00
# Visual Studio Version 17
VisualStudioVersion = 17.11.35327.3
MinimumVisualStudioVersion = 10.0.40219.1
Project("{9A19103F-16F7-4668-BE54-9A1E7A4F7556}") = "ex 01", "ex 01\ex 01.csproj", "{A77A81A9-A8BC-4D9E-AD4B-4176F2D42C54}"
EndProject
Project("{9A19103F-16F7-4668-BE54-9A1E7A4F7556}") = "Ex.02", "Ex.02\Ex.02.csproj", "{BBCA5A11-5C6D-41DA-8CF3-0DA48F95EF50}"
EndProject
Project("{9A19103F-16F7-4668-BE54-9A1E7A4F7556}") = "Ex.03", "Ex.03\Ex.03.csproj", "{55D2E05F-CCD0-434B-A518-CADD2285A66C}"
EndProject
Project("{9A19103F-16F7-4668-BE54-9A1E7A4F7556}") = "Ex_04", "Ex_04\Ex_04.csproj", "{C77B190F-41CE-414D-B2E0-37E5B7E45E8E}"
EndProject
Project("{9A19103F-16F7-4668-BE54-9A1E7A4F7556}") = "Ex_05", "Ex_05\Ex_05.csproj", "{E277DA05-B2F9-48C4-B71E-3CA5CF76EC3D}"
EndProject
Project("{9A19103F-16F7-4668-BE54-9A1E7A4F7556}") = "Ex_06", "Ex_06\Ex_06.csproj", "{9D3C48C4-4CBB-4BD2-8845-B017B7EFFC0C}"
EndProject
Project("{9A19103F-16F7-4668-BE54-9A1E7A4F7556}") = "Ex_07", "Ex_07\Ex_07.csproj", "{D3E09BE7-98AA-4721-8C61-61C6B871CD6C}"
EndProject
Project("{9A19103F-16F7-4668-BE54-9A1E7A4F7556}") = "Ex_08", "Ex_08\Ex_08.csproj", "{CD225CE8-6C3A-43EB-8789-ACCBF57D3A3A}"
EndProject
Project("{FAE04EC0-301F-11D3-BF4B-00C04F79EFBC}") = "Ex_09", "Ex_09\Ex_09.csproj", "{6D2026D7-9FE4-4154-A06F-B9FE14B32F4F}"
EndProject
Global
	GlobalSection(SolutionConfigurationPlatforms) = preSolution
		Debug|Any CPU = Debug|Any CPU
		Release|Any CPU = Release|Any CPU
	EndGlobalSection
	GlobalSection(ProjectConfigurationPlatforms) = postSolution
		{A77A81A9-A8BC-4D9E-AD4B-4176F2D42C54}.Debug|Any CPU.ActiveCfg = Debug|Any CPU
		{A77A81A9-A8BC-4D9E-AD4B-4176F2D42C54}.Debug|Any CPU.Build.0 = Debug|Any CPU
		{A77A81A9-A8BC-4D9E-AD4B-4176F2D42C54}.Release|Any CPU.ActiveCfg = Release|Any CPU
		{A77A81A9-A8BC-4D9E-AD4B-4176F2D42C54}.Release|Any CPU.Build.0 = Release|Any CPU
		{BBCA5A11-5C6D-41DA-8CF3-0DA48F95EF50}.Debug|Any CPU.ActiveCfg = Debug|Any CPU
		{BBCA5A11-5C6D-41DA-8CF3-0DA48F95EF50}.Debug|Any CPU.Build.0 = Debug|Any CPU
		{BBCA5A11-5C6D-41DA-8CF3-0DA48F95EF50}.Release|Any CPU.ActiveCfg = Release|Any CPU
		{BBCA5A11-5C6D-41DA-8CF3-0DA48F95EF50}.Release|Any CPU.Build.0 = Release|Any CPU
		{55D2E05F-CCD0-434B-A518-CADD2285A66C}.Debug|Any CPU.ActiveCfg = Debug|Any CPU
		{55D2E05F-CCD0-434B-A518-CADD2285A66C}.Debug|Any CPU.Build.0 = Debug|Any CPU
		{55D2E05F-CCD0-434B-A518-CADD2285A66C}.Release|Any CPU.ActiveCfg = Release|Any CPU
		{55D2E05F-CCD0-434B-A518-CADD2285A66C}.Release|Any CPU.Build.0 = Release|Any CPU
		{C77B190F-41CE-414D-B2E0-37E5B7E45E8E}.Debug|Any CPU.ActiveCfg = Debug|Any CPU
		{C77B190F-41CE-414D-B2E0-37E5B7E45E8E}.Debug|Any CPU.Build.0 = Debug|Any CPU
		{C77B190F-41CE-414D-B2E0-37E5B7E45E8E}.Release|Any CPU.ActiveCfg = Release|Any CPU
		{C77B190F-41CE-414D-B2E0-37E5B7E45E8E}.Release|Any CPU.Build.0 = Release|Any CPU
		{E277DA05-B2F9-48C4-B71E-3CA5CF76EC3D}.Debug|Any CPU.ActiveCfg = Debug|Any CPU
		{E277DA05-B2F9-48C4-B71E-3CA5CF76EC3D}.Debug|Any CPU.Build.0 = Debug|Any CPU
		{E277DA05-B2F9-48C4-B71E-3CA5CF76EC3D}.Release|Any CPU.ActiveCfg = Release|Any CPU
		{E277DA05-B2F9-48C4-B71E-3CA5CF76EC3D}.Release|Any CPU.Build.0 = Release|Any CPU
		{9D3C48C4-4CBB-4BD2-8845-B017B7EFFC0C}.Debug|Any CPU.ActiveCfg = Debug|Any CPU
		{9D3C48C4-4CBB-4BD2-8845-B017B7EFFC0C}.Debug|Any CPU.Build.0 = Debug|Any CPU
		{9D3C48C4-4CBB-4BD2-8845-B017B7EFFC0C}.Release|Any CPU.ActiveCfg = Release|Any CPU
		{9D3C48C4-4CBB-4BD2-8845-B017B7EFFC0C}.Release|Any CPU.Build.0 = Release|Any CPU
		{D3E09BE7-98AA-4721-8C61-61C6B871CD6C}.Debug|Any CPU.ActiveCfg = Debug|Any CPU
		{D3E09BE7-98AA-4721-8C61-61C6B871CD6C}.Debug|Any CPU.Build.0 = Debug|Any CPU
		{D3E09BE7-98AA-4721-8C61-61C6B871CD6C}.Release|Any CPU.ActiveCfg = Release|Any CPU
		{D3E09BE7-98AA-4721-8C61-61C6B871CD6C}.Release|Any CPU.Build.0 = Release|Any CPU
		{CD225CE8-6C3A-43EB-8789-ACCBF57D3A3A}.Debug|Any CPU.ActiveCfg = Debug|Any CPU
		{CD225CE8-6C3A-43EB-8789-ACCBF57D3A3A}.Debug|Any CPU.Build.0 = Debug|Any CPU
		{CD225CE8-6C3A-43EB-8789-ACCBF57D3A3A}.Release|Any CPU.ActiveCfg = Release|Any CPU
		{CD225CE8-6C3A-43EB-8789-ACCBF57D3A3A}.Release|Any CPU.Build.0 = Release|Any CPU
		{6D2026D7-9FE4-4154-A06F-B9FE14B32F4F}.Debug|Any CPU.ActiveCfg = Debug|Any CPU
		{6D2026D7-9FE4-4154-A06F-B9FE14B32F4F}.Debug|Any CPU.Build.0 = Debug|Any CPU
		{6D2026D7-9FE4-4154-A06F-B9FE14B32F4F}.Release|Any CPU.ActiveCfg = Release|Any CPU
		{6D2026D7-9FE4-4154-A06F-B9FE14B32F4F}.Release|Any CPU.Build.0 = Release|Any CPU
	EndGlobalSection
	GlobalSection(SolutionProperties) = preSolution
		HideSolutionNode = FALSE
	EndGlobalSection
	GlobalSection(ExtensibilityGlobals) = postSolution
		SolutionGuid = {87C4B051-4E0B-4A48-B047-25FA3364D82A}
	EndGlobalSection
EndGlobal
